<?xml version="1.0" encoding="utf-8"?>
<Project ToolsVersion="4.0" xmlns="http://schemas.microsoft.com/developer/msbuild/2003">
  <ItemGroup>
    <Filter Include="ソース ファイル">
      <UniqueIdentifier>{4FC737F1-C7A5-4376-A066-2A32D752A2FF}</UniqueIdentifier>
      <Extensions>cpp;c;cc;cxx;def;odl;idl;hpj;bat;asm;asmx</Extensions>
    </Filter>
    <Filter Include="ヘッダー ファイル">
      <UniqueIdentifier>{93995380-89BD-4b04-88EB-625FBE52EBFB}</UniqueIdentifier>
      <Extensions>h;hpp;hxx;hm;inl;inc;xsd</Extensions>
    </Filter>
    <Filter Include="リソース ファイル">
      <UniqueIdentifier>{67DA6AB6-F800-4c08-8B7A-83BB121AAD01}</UniqueIdentifier>
      <Extensions>rc;ico;cur;bmp;dlg;rc2;rct;bin;rgs;gif;jpg;jpeg;jpe;resx;tiff;tif;png;wav;mfcribbon-ms</Extensions>
    </Filter>
    <Filter Include="ソース ファイル\file">
      <UniqueIdentifier>{ba759cb9-d90a-4d74-bebd-6c1c3cf43614}</UniqueIdentifier>
    </Filter>
    <Filter Include="ヘッダー ファイル\file">
      <UniqueIdentifier>{5de660d4-39be-41d3-9464-dd9eea09aebd}</UniqueIdentifier>
    </Filter>
    <Filter Include="ヘッダー ファイル\utility">
      <UniqueIdentifier>{366f828e-1f81-4839-b5e9-91ee39f2e41b}</UniqueIdentifier>
    </Filter>
    <Filter Include="ソース ファイル\utility">
      <UniqueIdentifier>{35884c15-d909-41f6-b418-b0a011caabc6}</UniqueIdentifier>
    </Filter>
    <Filter Include="ソース ファイル\format">
      <UniqueIdentifier>{d0b96b43-1e9a-4f04-a66b-a5938c390eac}</UniqueIdentifier>
    </Filter>
    <Filter Include="ヘッダー ファイル\format">
      <UniqueIdentifier>{71987ccb-9ad6-499b-87e2-7c0ad147f785}</UniqueIdentifier>
    </Filter>
    <Filter Include="ヘッダー ファイル\memory">
      <UniqueIdentifier>{f728e43e-33dc-4e22-8c9d-1e2c770c6ad8}</UniqueIdentifier>
    </Filter>
    <Filter Include="ソース ファイル\memory">
      <UniqueIdentifier>{f6f4aae2-b127-42f7-bb07-25df9c290b5f}</UniqueIdentifier>
    </Filter>
    <Filter Include="ソース ファイル\network">
      <UniqueIdentifier>{00ba3817-dcf4-4cd0-a772-c705a1975c68}</UniqueIdentifier>
    </Filter>
    <Filter Include="ヘッダー ファイル\network">
      <UniqueIdentifier>{1aaf0868-9fa5-4dbb-aa92-433cc1023ff7}</UniqueIdentifier>
    </Filter>
    <Filter Include="ヘッダー ファイル\debug">
      <UniqueIdentifier>{6400452f-913f-478b-abdc-50ece42384ac}</UniqueIdentifier>
    </Filter>
    <Filter Include="ソース ファイル\debug">
      <UniqueIdentifier>{28a6f3b0-b774-46a0-a098-582c7e13d9ca}</UniqueIdentifier>
    </Filter>
    <Filter Include="ソース ファイル\texture">
      <UniqueIdentifier>{0c58ce54-4933-4744-87f2-6b93da3f15ea}</UniqueIdentifier>
    </Filter>
    <Filter Include="ヘッダー ファイル\texture">
      <UniqueIdentifier>{7ce52bd2-e080-4d1c-b8b2-81b6e1d2fbad}</UniqueIdentifier>
    </Filter>
  </ItemGroup>
  <ItemGroup>
    <ClCompile Include="..\source\stdafx.cpp">
      <Filter>ソース ファイル</Filter>
    </ClCompile>
    <ClCompile Include="..\source\utility\Option.cpp">
      <Filter>ソース ファイル\utility</Filter>
    </ClCompile>
    <ClCompile Include="..\source\utility\utility.cpp">
      <Filter>ソース ファイル\utility</Filter>
    </ClCompile>
    <ClCompile Include="..\source\format\json.cpp">
      <Filter>ソース ファイル\format</Filter>
    </ClCompile>
    <ClCompile Include="..\source\file\file.cpp">
      <Filter>ソース ファイル\file</Filter>
    </ClCompile>
    <ClCompile Include="..\source\memory\memory.cpp">
      <Filter>ソース ファイル\memory</Filter>
    </ClCompile>
    <ClCompile Include="..\source\memory\heap.cpp">
      <Filter>ソース ファイル\memory</Filter>
    </ClCompile>
    <ClCompile Include="..\source\memory\memory_manager.cpp">
      <Filter>ソース ファイル\memory</Filter>
    </ClCompile>
    <ClCompile Include="..\source\memory\heap_pool.cpp">
      <Filter>ソース ファイル\memory</Filter>
    </ClCompile>
    <ClCompile Include="..\source\network\http.cpp">
      <Filter>ソース ファイル\network</Filter>
    </ClCompile>
    <ClCompile Include="..\source\debug\debug.cpp">
      <Filter>ソース ファイル\debug</Filter>
    </ClCompile>
    <ClCompile Include="..\source\texture\texture.cpp">
      <Filter>ソース ファイル\texture</Filter>
    </ClCompile>
    <ClCompile Include="..\source\format\PNM.cpp">
      <Filter>ソース ファイル\format</Filter>
    </ClCompile>
  </ItemGroup>
  <ItemGroup>
    <ClInclude Include="..\include\stdafx.h">
      <Filter>ヘッダー ファイル</Filter>
    </ClInclude>
    <ClInclude Include="..\include\lib\define.h">
      <Filter>ヘッダー ファイル</Filter>
    </ClInclude>
    <ClInclude Include="..\include\lib\utility\Option.h">
      <Filter>ヘッダー ファイル\utility</Filter>
    </ClInclude>
    <ClInclude Include="..\include\lib\utility\utility.h">
      <Filter>ヘッダー ファイル\utility</Filter>
    </ClInclude>
    <ClInclude Include="..\include\lib\format\json.h">
      <Filter>ヘッダー ファイル\format</Filter>
    </ClInclude>
    <ClInclude Include="..\include\lib\file\file.h">
      <Filter>ヘッダー ファイル\file</Filter>
    </ClInclude>
    <ClInclude Include="..\include\lib\utility\Color.h">
      <Filter>ヘッダー ファイル\utility</Filter>
    </ClInclude>
    <ClInclude Include="..\include\lib\memory\memory.h">
      <Filter>ヘッダー ファイル\memory</Filter>
    </ClInclude>
    <ClInclude Include="..\include\lib\memory\heap.h">
      <Filter>ヘッダー ファイル\memory</Filter>
    </ClInclude>
    <ClInclude Include="..\include\lib\memory\allocator.h">
      <Filter>ヘッダー ファイル\memory</Filter>
    </ClInclude>
    <ClInclude Include="..\include\lib\memory\memory_manager.h">
      <Filter>ヘッダー ファイル\memory</Filter>
    </ClInclude>
    <ClInclude Include="..\include\lib\memory\heap_pool.h">
      <Filter>ヘッダー ファイル\memory</Filter>
    </ClInclude>
    <ClInclude Include="..\include\lib\network\http.h">
      <Filter>ヘッダー ファイル\network</Filter>
    </ClInclude>
    <ClInclude Include="..\include\lib\debug\debug.h">
      <Filter>ヘッダー ファイル\debug</Filter>
    </ClInclude>
    <ClInclude Include="..\include\lib\texture\texture.h">
      <Filter>ヘッダー ファイル\texture</Filter>
    </ClInclude>
    <ClInclude Include="..\include\lib\format\PNM.h">
      <Filter>ヘッダー ファイル\format</Filter>
    </ClInclude>
  </ItemGroup>
</Project>